Microsoft Visual Studio Solution File, Format Version 11.00
# Visual Studio 2008

Project("{29FA46DA-E105-DB77-0A6D-7890786BF65C}") = "EndlessRunnerDemi", "Assembly-CSharp-firstpass.csproj", "{F7CE4AB2-C164-9BA4-0848-F340D37790B5}"
EndProject
Project("{29FA46DA-E105-DB77-0A6D-7890786BF65C}") = "EndlessRunnerDemi", "Assembly-CSharp.csproj", "{9DA8486A-24FC-DA57-E70B-36649134272D}"
EndProject
Project("{29FA46DA-E105-DB77-0A6D-7890786BF65C}") = "EndlessRunnerDemi", "Assembly-CSharp-Editor.csproj", "{DB769244-D912-A133-F821-AC91B100F723}"
EndProject
Global
	GlobalSection(SolutionConfigurationPlatforms) = preSolution
		Debug|Any CPU = Debug|Any CPU
		Release|Any CPU = Release|Any CPU
	EndGlobalSection
	GlobalSection(ProjectConfigurationPlatforms) = postSolution
		{F7CE4AB2-C164-9BA4-0848-F340D37790B5}.Debug|Any CPU.ActiveCfg = Debug|Any CPU
		{F7CE4AB2-C164-9BA4-0848-F340D37790B5}.Debug|Any CPU.Build.0 = Debug|Any CPU
		{F7CE4AB2-C164-9BA4-0848-F340D37790B5}.Release|Any CPU.ActiveCfg = Release|Any CPU
		{F7CE4AB2-C164-9BA4-0848-F340D37790B5}.Release|Any CPU.Build.0 = Release|Any CPU
		{9DA8486A-24FC-DA57-E70B-36649134272D}.Debug|Any CPU.ActiveCfg = Debug|Any CPU
		{9DA8486A-24FC-DA57-E70B-36649134272D}.Debug|Any CPU.Build.0 = Debug|Any CPU
		{9DA8486A-24FC-DA57-E70B-36649134272D}.Release|Any CPU.ActiveCfg = Release|Any CPU
		{9DA8486A-24FC-DA57-E70B-36649134272D}.Release|Any CPU.Build.0 = Release|Any CPU
		{DB769244-D912-A133-F821-AC91B100F723}.Debug|Any CPU.ActiveCfg = Debug|Any CPU
		{DB769244-D912-A133-F821-AC91B100F723}.Debug|Any CPU.Build.0 = Debug|Any CPU
		{DB769244-D912-A133-F821-AC91B100F723}.Release|Any CPU.ActiveCfg = Release|Any CPU
		{DB769244-D912-A133-F821-AC91B100F723}.Release|Any CPU.Build.0 = Release|Any CPU
	EndGlobalSection
	GlobalSection(SolutionProperties) = preSolution
		HideSolutionNode = FALSE
	EndGlobalSection
	GlobalSection(MonoDevelopProperties) = preSolution
		StartupItem = Assembly-CSharp.csproj
	EndGlobalSection
EndGlobal
